lockfileVersion: '9.0'

settings:
  autoInstallPeers: true
  excludeLinksFromLockfile: false

importers:

  .:
    dependencies:
      howler:
        specifier: ^2.2.4
        version: 2.2.4
      p-queue:
        specifier: ^8.0.1
        version: 8.0.1
    devDependencies:
      '@types/howler':
        specifier: ^2.2.11
        version: 2.2.11

packages:

  '@types/howler@2.2.11':
    resolution: {integrity: sha512-7aBoUL6RbSIrqKnpEgfa1wSNUBK06mn08siP2QI0zYk7MXfEJAaORc4tohamQYqCqVESoDyRWSdQn2BOKWj2Qw==}

  eventemitter3@5.0.1:
    resolution: {integrity: sha512-GWkBvjiSZK87ELrYOSESUYeVIc9mvLLf/nXalMOS5dYrgZq9o5OVkbZAVM06CVxYsCwH9BDZFPlQTlPA1j4ahA==}

  howler@2.2.4:
    resolution: {integrity: sha512-iARIBPgcQrwtEr+tALF+rapJ8qSc+Set2GJQl7xT1MQzWaVkFebdJhR3alVlSiUf5U7nAANKuj3aWpwerocD5w==}

  p-queue@8.0.1:
    resolution: {integrity: sha512-NXzu9aQJTAzbBqOt2hwsR63ea7yvxJc0PwN/zobNAudYfb1B7R08SzB4TsLeSbUCuG467NhnoT0oO6w1qRO+BA==}
    engines: {node: '>=18'}

  p-timeout@6.1.2:
    resolution: {integrity: sha512-UbD77BuZ9Bc9aABo74gfXhNvzC9Tx7SxtHSh1fxvx3jTLLYvmVhiQZZrJzqqU0jKbN32kb5VOKiLEQI/3bIjgQ==}
    engines: {node: '>=14.16'}

snapshots:

  '@types/howler@2.2.11': {}

  eventemitter3@5.0.1: {}

  howler@2.2.4: {}

  p-queue@8.0.1:
    dependencies:
      eventemitter3: 5.0.1
      p-timeout: 6.1.2

  p-timeout@6.1.2: {}
